
Microsoft Visual Studio Solution File, Format Version 12.00
Project("{FAE04EC0-301F-11D3-BF4B-00C04F79EFBC}") = "MyServiceBusGrpcClient", "MyServiceBusGrpcClient\MyServiceBusGrpcClient.csproj", "{FCD44856-BFC4-47CE-BE1E-03CCFC828B42}"
EndProject
Global
	GlobalSection(SolutionConfigurationPlatforms) = preSolution
		Debug|Any CPU = Debug|Any CPU
		Release|Any CPU = Release|Any CPU
	EndGlobalSection
	GlobalSection(ProjectConfigurationPlatforms) = postSolution
		{FCD44856-BFC4-47CE-BE1E-03CCFC828B42}.Debug|Any CPU.ActiveCfg = Debug|Any CPU
		{FCD44856-BFC4-47CE-BE1E-03CCFC828B42}.Debug|Any CPU.Build.0 = Debug|Any CPU
		{FCD44856-BFC4-47CE-BE1E-03CCFC828B42}.Release|Any CPU.ActiveCfg = Release|Any CPU
		{FCD44856-BFC4-47CE-BE1E-03CCFC828B42}.Release|Any CPU.Build.0 = Release|Any CPU
	EndGlobalSection
EndGlobal
